version = 1
revision = 3
requires-python = "==3.12.*"

[[package]]
name = "colorama"
version = "0.4.6"
source = { registry = "https://pypi.org/simple" }
sdist = { url = "https://files.pythonhosted.org/packages/d8/53/6f443c9a4a8358a93a6792e2acffb9d9d5cb0a5cfd8802644b7b1c9a02e4/colorama-0.4.6.tar.gz", hash = "sha256:08695f5cb7ed6e0531a20572697297273c47b8cae5a63ffc6d6ed5c201be6e44", size = 27697, upload-time = "2022-10-25T02:36:22.414Z" }
wheels = [
    { url = "https://files.pythonhosted.org/packages/d1/d6/3965ed04c63042e047cb6a3e6ed1a63a35087b6a609aa3a15ed8ac56c221/colorama-0.4.6-py2.py3-none-any.whl", hash = "sha256:4f1d9991f5acc0ca119f9d443620b77f9d6b33703e51011c16baf57afb285fc6", size = 25335, upload-time = "2022-10-25T02:36:20.889Z" },
]

[[package]]
name = "coverage"
version = "7.10.4"
source = { registry = "https://pypi.org/simple" }
sdist = { url = "https://files.pythonhosted.org/packages/d6/4e/08b493f1f1d8a5182df0044acc970799b58a8d289608e0d891a03e9d269a/coverage-7.10.4.tar.gz", hash = "sha256:25f5130af6c8e7297fd14634955ba9e1697f47143f289e2a23284177c0061d27", size = 823798, upload-time = "2025-08-17T00:26:43.314Z" }
wheels = [
    { url = "https://files.pythonhosted.org/packages/9e/4a/781c9e4dd57cabda2a28e2ce5b00b6be416015265851060945a5ed4bd85e/coverage-7.10.4-cp312-cp312-macosx_10_13_x86_64.whl", hash = "sha256:a1f0264abcabd4853d4cb9b3d164adbf1565da7dab1da1669e93f3ea60162d79", size = 216706, upload-time = "2025-08-17T00:24:51.528Z" },
    { url = "https://files.pythonhosted.org/packages/6a/8c/51255202ca03d2e7b664770289f80db6f47b05138e06cce112b3957d5dfd/coverage-7.10.4-cp312-cp312-macosx_11_0_arm64.whl", hash = "sha256:536cbe6b118a4df231b11af3e0f974a72a095182ff8ec5f4868c931e8043ef3e", size = 216939, upload-time = "2025-08-17T00:24:53.171Z" },
    { url = "https://files.pythonhosted.org/packages/06/7f/df11131483698660f94d3c847dc76461369782d7a7644fcd72ac90da8fd0/coverage-7.10.4-cp312-cp312-manylinux1_i686.manylinux_2_28_i686.manylinux_2_5_i686.whl", hash = "sha256:9a4c0d84134797b7bf3f080599d0cd501471f6c98b715405166860d79cfaa97e", size = 248429, upload-time = "2025-08-17T00:24:54.934Z" },
    { url = "https://files.pythonhosted.org/packages/eb/fa/13ac5eda7300e160bf98f082e75f5c5b4189bf3a883dd1ee42dbedfdc617/coverage-7.10.4-cp312-cp312-manylinux1_x86_64.manylinux_2_28_x86_64.manylinux_2_5_x86_64.whl", hash = "sha256:7c155fc0f9cee8c9803ea0ad153ab6a3b956baa5d4cd993405dc0b45b2a0b9e0", size = 251178, upload-time = "2025-08-17T00:24:56.353Z" },
    { url = "https://files.pythonhosted.org/packages/9a/bc/f63b56a58ad0bec68a840e7be6b7ed9d6f6288d790760647bb88f5fea41e/coverage-7.10.4-cp312-cp312-manylinux2014_aarch64.manylinux_2_17_aarch64.manylinux_2_28_aarch64.whl", hash = "sha256:0a5f2ab6e451d4b07855d8bcf063adf11e199bff421a4ba57f5bb95b7444ca62", size = 252313, upload-time = "2025-08-17T00:24:57.692Z" },
    { url = "https://files.pythonhosted.org/packages/2b/b6/79338f1ea27b01266f845afb4485976211264ab92407d1c307babe3592a7/coverage-7.10.4-cp312-cp312-musllinux_1_2_aarch64.whl", hash = "sha256:685b67d99b945b0c221be0780c336b303a7753b3e0ec0d618c795aada25d5e7a", size = 250230, upload-time = "2025-08-17T00:24:59.293Z" },
    { url = "https://files.pythonhosted.org/packages/bc/93/3b24f1da3e0286a4dc5832427e1d448d5296f8287464b1ff4a222abeeeb5/coverage-7.10.4-cp312-cp312-musllinux_1_2_i686.whl", hash = "sha256:0c079027e50c2ae44da51c2e294596cbc9dbb58f7ca45b30651c7e411060fc23", size = 248351, upload-time = "2025-08-17T00:25:00.676Z" },
    { url = "https://files.pythonhosted.org/packages/de/5f/d59412f869e49dcc5b89398ef3146c8bfaec870b179cc344d27932e0554b/coverage-7.10.4-cp312-cp312-musllinux_1_2_x86_64.whl", hash = "sha256:3749aa72b93ce516f77cf5034d8e3c0dfd45c6e8a163a602ede2dc5f9a0bb927", size = 249788, upload-time = "2025-08-17T00:25:02.354Z" },
    { url = "https://files.pythonhosted.org/packages/cc/52/04a3b733f40a0cc7c4a5b9b010844111dbf906df3e868b13e1ce7b39ac31/coverage-7.10.4-cp312-cp312-win32.whl", hash = "sha256:fecb97b3a52fa9bcd5a7375e72fae209088faf671d39fae67261f37772d5559a", size = 219131, upload-time = "2025-08-17T00:25:03.79Z" },
    { url = "https://files.pythonhosted.org/packages/83/dd/12909fc0b83888197b3ec43a4ac7753589591c08d00d9deda4158df2734e/coverage-7.10.4-cp312-cp312-win_amd64.whl", hash = "sha256:26de58f355626628a21fe6a70e1e1fad95702dafebfb0685280962ae1449f17b", size = 219939, upload-time = "2025-08-17T00:25:05.494Z" },
    { url = "https://files.pythonhosted.org/packages/83/c7/058bb3220fdd6821bada9685eadac2940429ab3c97025ce53549ff423cc1/coverage-7.10.4-cp312-cp312-win_arm64.whl", hash = "sha256:67e8885408f8325198862bc487038a4980c9277d753cb8812510927f2176437a", size = 218572, upload-time = "2025-08-17T00:25:06.897Z" },
    { url = "https://files.pythonhosted.org/packages/bb/78/983efd23200921d9edb6bd40512e1aa04af553d7d5a171e50f9b2b45d109/coverage-7.10.4-py3-none-any.whl", hash = "sha256:065d75447228d05121e5c938ca8f0e91eed60a1eb2d1258d42d5084fecfc3302", size = 208365, upload-time = "2025-08-17T00:26:41.479Z" },
]

[[package]]
name = "defusedxml"
version = "0.7.1"
source = { registry = "https://pypi.org/simple" }
sdist = { url = "https://files.pythonhosted.org/packages/0f/d5/c66da9b79e5bdb124974bfe172b4daf3c984ebd9c2a06e2b8a4dc7331c72/defusedxml-0.7.1.tar.gz", hash = "sha256:1bb3032db185915b62d7c6209c5a8792be6a32ab2fedacc84e01b52c51aa3e69", size = 75520, upload-time = "2021-03-08T10:59:26.269Z" }
wheels = [
    { url = "https://files.pythonhosted.org/packages/07/6c/aa3f2f849e01cb6a001cd8554a88d4c77c5c1a31c95bdf1cf9301e6d9ef4/defusedxml-0.7.1-py2.py3-none-any.whl", hash = "sha256:a352e7e428770286cc899e2542b6cdaedb2b4953ff269a210103ec58f6198a61", size = 25604, upload-time = "2021-03-08T10:59:24.45Z" },
]

[[package]]
name = "hcp"
version = "1.0"
source = { editable = "." }
dependencies = [
    { name = "defusedxml" },
    { name = "polars" },
]

[package.dev-dependencies]
dev = [
    { name = "pytest" },
    { name = "pytest-cov" },
]

[package.metadata]
requires-dist = [
    { name = "defusedxml", specifier = "==0.7.1" },
    { name = "polars", specifier = "==0.20.18" },
]

[package.metadata.requires-dev]
dev = [
    { name = "pytest" },
    { name = "pytest-cov" },
]

[[package]]
name = "iniconfig"
version = "2.1.0"
source = { registry = "https://pypi.org/simple" }
sdist = { url = "https://files.pythonhosted.org/packages/f2/97/ebf4da567aa6827c909642694d71c9fcf53e5b504f2d96afea02718862f3/iniconfig-2.1.0.tar.gz", hash = "sha256:3abbd2e30b36733fee78f9c7f7308f2d0050e88f0087fd25c2645f63c773e1c7", size = 4793, upload-time = "2025-03-19T20:09:59.721Z" }
wheels = [
    { url = "https://files.pythonhosted.org/packages/2c/e1/e6716421ea10d38022b952c159d5161ca1193197fb744506875fbb87ea7b/iniconfig-2.1.0-py3-none-any.whl", hash = "sha256:9deba5723312380e77435581c6bf4935c94cbfab9b1ed33ef8d238ea168eb760", size = 6050, upload-time = "2025-03-19T20:10:01.071Z" },
]

[[package]]
name = "packaging"
version = "25.0"
source = { registry = "https://pypi.org/simple" }
sdist = { url = "https://files.pythonhosted.org/packages/a1/d4/1fc4078c65507b51b96ca8f8c3ba19e6a61c8253c72794544580a7b6c24d/packaging-25.0.tar.gz", hash = "sha256:d443872c98d677bf60f6a1f2f8c1cb748e8fe762d2bf9d3148b5599295b0fc4f", size = 165727, upload-time = "2025-04-19T11:48:59.673Z" }
wheels = [
    { url = "https://files.pythonhosted.org/packages/20/12/38679034af332785aac8774540895e234f4d07f7545804097de4b666afd8/packaging-25.0-py3-none-any.whl", hash = "sha256:29572ef2b1f17581046b3a2227d5c611fb25ec70ca1ba8554b24b0e69331a484", size = 66469, upload-time = "2025-04-19T11:48:57.875Z" },
]

[[package]]
name = "pluggy"
version = "1.6.0"
source = { registry = "https://pypi.org/simple" }
sdist = { url = "https://files.pythonhosted.org/packages/f9/e2/3e91f31a7d2b083fe6ef3fa267035b518369d9511ffab804f839851d2779/pluggy-1.6.0.tar.gz", hash = "sha256:7dcc130b76258d33b90f61b658791dede3486c3e6bfb003ee5c9bfb396dd22f3", size = 69412, upload-time = "2025-05-15T12:30:07.975Z" }
wheels = [
    { url = "https://files.pythonhosted.org/packages/54/20/4d324d65cc6d9205fabedc306948156824eb9f0ee1633355a8f7ec5c66bf/pluggy-1.6.0-py3-none-any.whl", hash = "sha256:e920276dd6813095e9377c0bc5566d94c932c33b27a3e3945d8389c374dd4746", size = 20538, upload-time = "2025-05-15T12:30:06.134Z" },
]

[[package]]
name = "polars"
version = "0.20.18"
source = { registry = "https://pypi.org/simple" }
sdist = { url = "https://files.pythonhosted.org/packages/0f/7a/033aeaa466ca07d1fd621994736bf719360fb0888103e02a31780b229155/polars-0.20.18.tar.gz", hash = "sha256:8a321cbdbb459e3c0cc1af2ce6ac930d0d3b5ccbeb2dd3e4237ad07d487fd290", size = 3388890, upload-time = "2024-04-01T17:58:55.633Z" }
wheels = [
    { url = "https://files.pythonhosted.org/packages/1c/a1/916791b377c6aa4dd2a395452ad16a2ecb89d3b95ff0061d78650bfe2705/polars-0.20.18-cp38-abi3-macosx_10_12_x86_64.whl", hash = "sha256:e305f5e6c0b8dc37fe0ff3bb1143a8bf0341134e0b23dec7c50a148f426acceb", size = 25321995, upload-time = "2024-04-01T17:57:55.568Z" },
    { url = "https://files.pythonhosted.org/packages/75/31/352a812448bbcc2edea1920dd274f6950a87dfeb48ee984124d0498d70b0/polars-0.20.18-cp38-abi3-macosx_11_0_arm64.whl", hash = "sha256:26716f074301f583da9af93108d57da631622d6496cbcbb8c08476180953f408", size = 22774199, upload-time = "2024-04-01T17:58:02.575Z" },
    { url = "https://files.pythonhosted.org/packages/ed/bb/00c4d682b770296c820261e269c676ff10339f9a05eb429d76f1a9397c8a/polars-0.20.18-cp38-abi3-manylinux_2_17_x86_64.manylinux2014_x86_64.whl", hash = "sha256:5b3843f69228df68cb82e39647c212fde58671c064c25a0c4d544f9446160a7e", size = 26325068, upload-time = "2024-04-01T17:58:07.749Z" },
    { url = "https://files.pythonhosted.org/packages/78/15/650e7bbeb9753c7c58b016162fdff763bca9d95e385d34fdfd038ee4b783/polars-0.20.18-cp38-abi3-manylinux_2_24_aarch64.whl", hash = "sha256:4b775e9677d0050775243400def1f5de4dd02b5ee220873406abc4028228525e", size = 24769741, upload-time = "2024-04-01T17:58:11.424Z" },
    { url = "https://files.pythonhosted.org/packages/40/99/f259ffcf679b21b577b43fdcd7f4e7705a9d8c60e8b6eb7a40ad11a57f78/polars-0.20.18-cp38-abi3-win_amd64.whl", hash = "sha256:73b81b9582c48f0ca4ae08c0adc56917b0c55682044bedf0eccd3f94e4e39169", size = 26114307, upload-time = "2024-04-01T17:58:15.735Z" },
]

[[package]]
name = "pygments"
version = "2.19.2"
source = { registry = "https://pypi.org/simple" }
sdist = { url = "https://files.pythonhosted.org/packages/b0/77/a5b8c569bf593b0140bde72ea885a803b82086995367bf2037de0159d924/pygments-2.19.2.tar.gz", hash = "sha256:636cb2477cec7f8952536970bc533bc43743542f70392ae026374600add5b887", size = 4968631, upload-time = "2025-06-21T13:39:12.283Z" }
wheels = [
    { url = "https://files.pythonhosted.org/packages/c7/21/705964c7812476f378728bdf590ca4b771ec72385c533964653c68e86bdc/pygments-2.19.2-py3-none-any.whl", hash = "sha256:86540386c03d588bb81d44bc3928634ff26449851e99741617ecb9037ee5ec0b", size = 1225217, upload-time = "2025-06-21T13:39:07.939Z" },
]

[[package]]
name = "pytest"
version = "8.4.1"
source = { registry = "https://pypi.org/simple" }
dependencies = [
    { name = "colorama", marker = "sys_platform == 'win32'" },
    { name = "iniconfig" },
    { name = "packaging" },
    { name = "pluggy" },
    { name = "pygments" },
]
sdist = { url = "https://files.pythonhosted.org/packages/08/ba/45911d754e8eba3d5a841a5ce61a65a685ff1798421ac054f85aa8747dfb/pytest-8.4.1.tar.gz", hash = "sha256:7c67fd69174877359ed9371ec3af8a3d2b04741818c51e5e99cc1742251fa93c", size = 1517714, upload-time = "2025-06-18T05:48:06.109Z" }
wheels = [
    { url = "https://files.pythonhosted.org/packages/29/16/c8a903f4c4dffe7a12843191437d7cd8e32751d5de349d45d3fe69544e87/pytest-8.4.1-py3-none-any.whl", hash = "sha256:539c70ba6fcead8e78eebbf1115e8b589e7565830d7d006a8723f19ac8a0afb7", size = 365474, upload-time = "2025-06-18T05:48:03.955Z" },
]

[[package]]
name = "pytest-cov"
version = "6.2.1"
source = { registry = "https://pypi.org/simple" }
dependencies = [
    { name = "coverage" },
    { name = "pluggy" },
    { name = "pytest" },
]
sdist = { url = "https://files.pythonhosted.org/packages/18/99/668cade231f434aaa59bbfbf49469068d2ddd945000621d3d165d2e7dd7b/pytest_cov-6.2.1.tar.gz", hash = "sha256:25cc6cc0a5358204b8108ecedc51a9b57b34cc6b8c967cc2c01a4e00d8a67da2", size = 69432, upload-time = "2025-06-12T10:47:47.684Z" }
wheels = [
    { url = "https://files.pythonhosted.org/packages/bc/16/4ea354101abb1287856baa4af2732be351c7bee728065aed451b678153fd/pytest_cov-6.2.1-py3-none-any.whl", hash = "sha256:f5bc4c23f42f1cdd23c70b1dab1bbaef4fc505ba950d53e0081d0730dd7e86d5", size = 24644, upload-time = "2025-06-12T10:47:45.932Z" },
]
