version = 1
revision = 3
requires-python = "==3.12.*"

[[package]]
name = "colorama"
version = "0.4.6"
source = { registry = "https://pypi.org/simple" }
sdist = { url = "https://files.pythonhosted.org/packages/d8/53/6f443c9a4a8358a93a6792e2acffb9d9d5cb0a5cfd8802644b7b1c9a02e4/colorama-0.4.6.tar.gz", hash = "sha256:08695f5cb7ed6e0531a20572697297273c47b8cae5a63ffc6d6ed5c201be6e44", size = 27697, upload-time = "2022-10-25T02:36:22.414Z" }
wheels = [
    { url = "https://files.pythonhosted.org/packages/d1/d6/3965ed04c63042e047cb6a3e6ed1a63a35087b6a609aa3a15ed8ac56c221/colorama-0.4.6-py2.py3-none-any.whl", hash = "sha256:4f1d9991f5acc0ca119f9d443620b77f9d6b33703e51011c16baf57afb285fc6", size = 25335, upload-time = "2022-10-25T02:36:20.889Z" },
]

[[package]]
name = "coverage"
version = "7.4.2"
source = { registry = "https://pypi.org/simple" }
sdist = { url = "https://files.pythonhosted.org/packages/bf/4f/a873791c3caa6c064a05332a5954f73b7ad6cfd6c1a1368aef1dd4ff1cfe/coverage-7.4.2.tar.gz", hash = "sha256:1a5ee18e3a8d766075ce9314ed1cb695414bae67df6a4b0805f5137d93d6f1cb", size = 783045, upload-time = "2024-02-20T19:21:28.256Z" }
wheels = [
    { url = "https://files.pythonhosted.org/packages/88/9c/7ee646613f2cef7d67526ee4809d86811e374d4e693ad3a2ad89778f2002/coverage-7.4.2-cp312-cp312-macosx_10_9_x86_64.whl", hash = "sha256:adbdfcda2469d188d79771d5696dc54fab98a16d2ef7e0875013b5f56a251047", size = 206995, upload-time = "2024-02-20T19:19:57.231Z" },
    { url = "https://files.pythonhosted.org/packages/2d/d9/dea9e579d509dcac5b4b9f36945dea657ecff640de02e6d4f2e8729d367e/coverage-7.4.2-cp312-cp312-macosx_11_0_arm64.whl", hash = "sha256:ac4bab32f396b03ebecfcf2971668da9275b3bb5f81b3b6ba96622f4ef3f6e17", size = 207160, upload-time = "2024-02-20T19:19:59.291Z" },
    { url = "https://files.pythonhosted.org/packages/7c/ae/12c9e06007bab13c8e1c6b2f340c2ba514a74429c726de77498c40f45315/coverage-7.4.2-cp312-cp312-manylinux_2_17_aarch64.manylinux2014_aarch64.whl", hash = "sha256:006d220ba2e1a45f1de083d5022d4955abb0aedd78904cd5a779b955b019ec73", size = 239496, upload-time = "2024-02-20T19:20:02.795Z" },
    { url = "https://files.pythonhosted.org/packages/8d/1a/e9f5788d90867390f00f9d7ab6ee5fb02bc55eac1286dd057d03ef8ee872/coverage-7.4.2-cp312-cp312-manylinux_2_5_i686.manylinux1_i686.manylinux_2_17_i686.manylinux2014_i686.whl", hash = "sha256:3733545eb294e5ad274abe131d1e7e7de4ba17a144505c12feca48803fea5f64", size = 236864, upload-time = "2024-02-20T19:20:06.091Z" },
    { url = "https://files.pythonhosted.org/packages/b5/4f/02e6fa3518d0d32ce92d1dba11f48e17ac1522843dc4f6276eb9e6c03ef0/coverage-7.4.2-cp312-cp312-manylinux_2_5_x86_64.manylinux1_x86_64.manylinux_2_17_x86_64.manylinux2014_x86_64.whl", hash = "sha256:42a9e754aa250fe61f0f99986399cec086d7e7a01dd82fd863a20af34cbce962", size = 238803, upload-time = "2024-02-20T19:20:08.838Z" },
    { url = "https://files.pythonhosted.org/packages/82/86/bf5bf7af7dbec6f3699b29d80d2939915b91b6b095bc077a2c28e21ca3cb/coverage-7.4.2-cp312-cp312-musllinux_1_1_aarch64.whl", hash = "sha256:2ed37e16cf35c8d6e0b430254574b8edd242a367a1b1531bd1adc99c6a5e00fe", size = 245743, upload-time = "2024-02-20T19:20:11.931Z" },
    { url = "https://files.pythonhosted.org/packages/88/d3/49edc7fe4c6ed7f9b8edd0cebc1e2e941297987ddfe161f850abcec6a536/coverage-7.4.2-cp312-cp312-musllinux_1_1_i686.whl", hash = "sha256:b953275d4edfab6cc0ed7139fa773dfb89e81fee1569a932f6020ce7c6da0e8f", size = 243645, upload-time = "2024-02-20T19:20:15.183Z" },
    { url = "https://files.pythonhosted.org/packages/b6/eb/52d3335b04a98328c3b7aa894cb39ae220d87b69fca804bbd70d8510e715/coverage-7.4.2-cp312-cp312-musllinux_1_1_x86_64.whl", hash = "sha256:32b4ab7e6c924f945cbae5392832e93e4ceb81483fd6dc4aa8fb1a97b9d3e0e1", size = 245378, upload-time = "2024-02-20T19:20:18.892Z" },
    { url = "https://files.pythonhosted.org/packages/a2/56/6b9c7f66ae0032c29e1b4465d32109a44f8d0cbc99ca0c7c299c7b63af23/coverage-7.4.2-cp312-cp312-win32.whl", hash = "sha256:f5df76c58977bc35a49515b2fbba84a1d952ff0ec784a4070334dfbec28a2def", size = 209179, upload-time = "2024-02-20T19:20:22.435Z" },
    { url = "https://files.pythonhosted.org/packages/51/df/67826314c9b490d00a460eea1346decfa127d9b3c649e717ec39f19c9d48/coverage-7.4.2-cp312-cp312-win_amd64.whl", hash = "sha256:34423abbaad70fea9d0164add189eabaea679068ebdf693baa5c02d03e7db244", size = 210061, upload-time = "2024-02-20T19:20:25.097Z" },
]

[[package]]
name = "defusedxml"
version = "0.7.1"
source = { registry = "https://pypi.org/simple" }
sdist = { url = "https://files.pythonhosted.org/packages/0f/d5/c66da9b79e5bdb124974bfe172b4daf3c984ebd9c2a06e2b8a4dc7331c72/defusedxml-0.7.1.tar.gz", hash = "sha256:1bb3032db185915b62d7c6209c5a8792be6a32ab2fedacc84e01b52c51aa3e69", size = 75520, upload-time = "2021-03-08T10:59:26.269Z" }
wheels = [
    { url = "https://files.pythonhosted.org/packages/07/6c/aa3f2f849e01cb6a001cd8554a88d4c77c5c1a31c95bdf1cf9301e6d9ef4/defusedxml-0.7.1-py2.py3-none-any.whl", hash = "sha256:a352e7e428770286cc899e2542b6cdaedb2b4953ff269a210103ec58f6198a61", size = 25604, upload-time = "2021-03-08T10:59:24.45Z" },
]

[[package]]
name = "hcp"
version = "1.0"
source = { virtual = "." }
dependencies = [
    { name = "defusedxml" },
    { name = "polars" },
]

[package.dev-dependencies]
dev = [
    { name = "pytest" },
    { name = "pytest-cov" },
]

[package.metadata]
requires-dist = [
    { name = "defusedxml", specifier = "==0.7.1" },
    { name = "polars", specifier = "==0.20.18" },
]

[package.metadata.requires-dev]
dev = [
    { name = "pytest" },
    { name = "pytest-cov" },
]

[[package]]
name = "iniconfig"
version = "2.0.0"
source = { registry = "https://pypi.org/simple" }
sdist = { url = "https://files.pythonhosted.org/packages/d7/4b/cbd8e699e64a6f16ca3a8220661b5f83792b3017d0f79807cb8708d33913/iniconfig-2.0.0.tar.gz", hash = "sha256:2d91e135bf72d31a410b17c16da610a82cb55f6b0477d1a902134b24a455b8b3", size = 4646, upload-time = "2023-01-07T11:08:11.254Z" }
wheels = [
    { url = "https://files.pythonhosted.org/packages/ef/a6/62565a6e1cf69e10f5727360368e451d4b7f58beeac6173dc9db836a5b46/iniconfig-2.0.0-py3-none-any.whl", hash = "sha256:b6a85871a79d2e3b22d2d1b94ac2824226a63c6b741c88f7ae975f18b6778374", size = 5892, upload-time = "2023-01-07T11:08:09.864Z" },
]

[[package]]
name = "packaging"
version = "23.2"
source = { registry = "https://pypi.org/simple" }
sdist = { url = "https://files.pythonhosted.org/packages/fb/2b/9b9c33ffed44ee921d0967086d653047286054117d584f1b1a7c22ceaf7b/packaging-23.2.tar.gz", hash = "sha256:048fb0e9405036518eaaf48a55953c750c11e1a1b68e0dd1a9d62ed0c092cfc5", size = 146714, upload-time = "2023-10-01T13:50:05.279Z" }
wheels = [
    { url = "https://files.pythonhosted.org/packages/ec/1a/610693ac4ee14fcdf2d9bf3c493370e4f2ef7ae2e19217d7a237ff42367d/packaging-23.2-py3-none-any.whl", hash = "sha256:8c491190033a9af7e1d931d0b5dacc2ef47509b34dd0de67ed209b5203fc88c7", size = 53011, upload-time = "2023-10-01T13:50:03.745Z" },
]

[[package]]
name = "pluggy"
version = "1.4.0"
source = { registry = "https://pypi.org/simple" }
sdist = { url = "https://files.pythonhosted.org/packages/54/c6/43f9d44d92aed815e781ca25ba8c174257e27253a94630d21be8725a2b59/pluggy-1.4.0.tar.gz", hash = "sha256:8c85c2876142a764e5b7548e7d9a0e0ddb46f5185161049a79b7e974454223be", size = 65812, upload-time = "2024-01-24T13:45:15.875Z" }
wheels = [
    { url = "https://files.pythonhosted.org/packages/a5/5b/0cc789b59e8cc1bf288b38111d002d8c5917123194d45b29dcdac64723cc/pluggy-1.4.0-py3-none-any.whl", hash = "sha256:7db9f7b503d67d1c5b95f59773ebb58a8c1c288129a88665838012cfb07b8981", size = 20120, upload-time = "2024-01-24T13:45:14.227Z" },
]

[[package]]
name = "polars"
version = "0.20.18"
source = { registry = "https://pypi.org/simple" }
sdist = { url = "https://files.pythonhosted.org/packages/0f/7a/033aeaa466ca07d1fd621994736bf719360fb0888103e02a31780b229155/polars-0.20.18.tar.gz", hash = "sha256:8a321cbdbb459e3c0cc1af2ce6ac930d0d3b5ccbeb2dd3e4237ad07d487fd290", size = 3388890, upload-time = "2024-04-01T17:58:55.633Z" }
wheels = [
    { url = "https://files.pythonhosted.org/packages/1c/a1/916791b377c6aa4dd2a395452ad16a2ecb89d3b95ff0061d78650bfe2705/polars-0.20.18-cp38-abi3-macosx_10_12_x86_64.whl", hash = "sha256:e305f5e6c0b8dc37fe0ff3bb1143a8bf0341134e0b23dec7c50a148f426acceb", size = 25321995, upload-time = "2024-04-01T17:57:55.568Z" },
    { url = "https://files.pythonhosted.org/packages/75/31/352a812448bbcc2edea1920dd274f6950a87dfeb48ee984124d0498d70b0/polars-0.20.18-cp38-abi3-macosx_11_0_arm64.whl", hash = "sha256:26716f074301f583da9af93108d57da631622d6496cbcbb8c08476180953f408", size = 22774199, upload-time = "2024-04-01T17:58:02.575Z" },
    { url = "https://files.pythonhosted.org/packages/ed/bb/00c4d682b770296c820261e269c676ff10339f9a05eb429d76f1a9397c8a/polars-0.20.18-cp38-abi3-manylinux_2_17_x86_64.manylinux2014_x86_64.whl", hash = "sha256:5b3843f69228df68cb82e39647c212fde58671c064c25a0c4d544f9446160a7e", size = 26325068, upload-time = "2024-04-01T17:58:07.749Z" },
    { url = "https://files.pythonhosted.org/packages/78/15/650e7bbeb9753c7c58b016162fdff763bca9d95e385d34fdfd038ee4b783/polars-0.20.18-cp38-abi3-manylinux_2_24_aarch64.whl", hash = "sha256:4b775e9677d0050775243400def1f5de4dd02b5ee220873406abc4028228525e", size = 24769741, upload-time = "2024-04-01T17:58:11.424Z" },
    { url = "https://files.pythonhosted.org/packages/40/99/f259ffcf679b21b577b43fdcd7f4e7705a9d8c60e8b6eb7a40ad11a57f78/polars-0.20.18-cp38-abi3-win_amd64.whl", hash = "sha256:73b81b9582c48f0ca4ae08c0adc56917b0c55682044bedf0eccd3f94e4e39169", size = 26114307, upload-time = "2024-04-01T17:58:15.735Z" },
]

[[package]]
name = "pytest"
version = "8.0.1"
source = { registry = "https://pypi.org/simple" }
dependencies = [
    { name = "colorama", marker = "sys_platform == 'win32'" },
    { name = "iniconfig" },
    { name = "packaging" },
    { name = "pluggy" },
]
sdist = { url = "https://files.pythonhosted.org/packages/57/93/429cffe6e4b45ef6ef392a30a090a7a431088417fb75f9bc142f4c24f23b/pytest-8.0.1.tar.gz", hash = "sha256:267f6563751877d772019b13aacbe4e860d73fe8f651f28112e9ac37de7513ae", size = 1396338, upload-time = "2024-02-16T22:08:29.682Z" }
wheels = [
    { url = "https://files.pythonhosted.org/packages/2e/28/30125a808a2448d72fdba26d01ef2bec76a3c860c8694b636e6104e38713/pytest-8.0.1-py3-none-any.whl", hash = "sha256:3e4f16fe1c0a9dc9d9389161c127c3edc5d810c38d6793042fb81d9f48a59fca", size = 333965, upload-time = "2024-02-16T22:08:26.807Z" },
]

[[package]]
name = "pytest-cov"
version = "4.1.0"
source = { registry = "https://pypi.org/simple" }
dependencies = [
    { name = "coverage" },
    { name = "pytest" },
]
sdist = { url = "https://files.pythonhosted.org/packages/7a/15/da3df99fd551507694a9b01f512a2f6cf1254f33601605843c3775f39460/pytest-cov-4.1.0.tar.gz", hash = "sha256:3904b13dfbfec47f003b8e77fd5b589cd11904a21ddf1ab38a64f204d6a10ef6", size = 63245, upload-time = "2023-05-24T18:44:56.845Z" }
wheels = [
    { url = "https://files.pythonhosted.org/packages/a7/4b/8b78d126e275efa2379b1c2e09dc52cf70df16fc3b90613ef82531499d73/pytest_cov-4.1.0-py3-none-any.whl", hash = "sha256:6ba70b9e97e69fcc3fb45bfeab2d0a138fb65c4d0d6a41ef33983ad114be8c3a", size = 21949, upload-time = "2023-05-24T18:44:54.079Z" },
]
